
Microsoft Visual Studio Solution File, Format Version 12.00
# Visual Studio Version 16
VisualStudioVersion = 16.0.29326.143
MinimumVisualStudioVersion = 10.0.40219.1
Project("{FAE04EC0-301F-11D3-BF4B-00C04F79EFBC}") = "BookStore.DAL", "BookStore.DAL\BookStore.DAL.csproj", "{0583892F-9427-4CD2-8C63-70251B035634}"
EndProject
Project("{FAE04EC0-301F-11D3-BF4B-00C04F79EFBC}") = "BookStore.BLL", "BookStore.BLL\BookStore.BLL.csproj", "{541B0FBF-4DBE-4CE4-B07F-BE999AEC1A23}"
EndProject
Project("{FAE04EC0-301F-11D3-BF4B-00C04F79EFBC}") = "BookStore.Web", "BookStore.Web\BookStore.Web.csproj", "{C8ACFDAF-AAA9-4D83-A5BF-B21542CD1B1F}"
EndProject
Global
	GlobalSection(SolutionConfigurationPlatforms) = preSolution
		Debug|Any CPU = Debug|Any CPU
		Release|Any CPU = Release|Any CPU
	EndGlobalSection
	GlobalSection(ProjectConfigurationPlatforms) = postSolution
		{0583892F-9427-4CD2-8C63-70251B035634}.Debug|Any CPU.ActiveCfg = Debug|Any CPU
		{0583892F-9427-4CD2-8C63-70251B035634}.Debug|Any CPU.Build.0 = Debug|Any CPU
		{0583892F-9427-4CD2-8C63-70251B035634}.Release|Any CPU.ActiveCfg = Release|Any CPU
		{0583892F-9427-4CD2-8C63-70251B035634}.Release|Any CPU.Build.0 = Release|Any CPU
		{541B0FBF-4DBE-4CE4-B07F-BE999AEC1A23}.Debug|Any CPU.ActiveCfg = Debug|Any CPU
		{541B0FBF-4DBE-4CE4-B07F-BE999AEC1A23}.Debug|Any CPU.Build.0 = Debug|Any CPU
		{541B0FBF-4DBE-4CE4-B07F-BE999AEC1A23}.Release|Any CPU.ActiveCfg = Release|Any CPU
		{541B0FBF-4DBE-4CE4-B07F-BE999AEC1A23}.Release|Any CPU.Build.0 = Release|Any CPU
		{C8ACFDAF-AAA9-4D83-A5BF-B21542CD1B1F}.Debug|Any CPU.ActiveCfg = Debug|Any CPU
		{C8ACFDAF-AAA9-4D83-A5BF-B21542CD1B1F}.Debug|Any CPU.Build.0 = Debug|Any CPU
		{C8ACFDAF-AAA9-4D83-A5BF-B21542CD1B1F}.Release|Any CPU.ActiveCfg = Release|Any CPU
		{C8ACFDAF-AAA9-4D83-A5BF-B21542CD1B1F}.Release|Any CPU.Build.0 = Release|Any CPU
	EndGlobalSection
	GlobalSection(SolutionProperties) = preSolution
		HideSolutionNode = FALSE
	EndGlobalSection
	GlobalSection(ExtensibilityGlobals) = postSolution
		SolutionGuid = {D203CC80-A636-41CD-9676-4D2EC5A6AAB4}
	EndGlobalSection
EndGlobal
